
Microsoft Visual Studio Solution File, Format Version 12.00
# Visual Studio Version 17
VisualStudioVersion = 17.12.35514.174 d17.12
MinimumVisualStudioVersion = 10.0.40219.1
Project("{FAE04EC0-301F-11D3-BF4B-00C04F79EFBC}") = "IdintitytoCinemaTicket", "IdintitytoCinemaTicket\IdintitytoCinemaTicket.csproj", "{3FCF6B82-C22C-4178-B16D-368B9531FFDB}"
EndProject
Global
	GlobalSection(SolutionConfigurationPlatforms) = preSolution
		Debug|Any CPU = Debug|Any CPU
		Release|Any CPU = Release|Any CPU
	EndGlobalSection
	GlobalSection(ProjectConfigurationPlatforms) = postSolution
		{3FCF6B82-C22C-4178-B16D-368B9531FFDB}.Debug|Any CPU.ActiveCfg = Debug|Any CPU
		{3FCF6B82-C22C-4178-B16D-368B9531FFDB}.Debug|Any CPU.Build.0 = Debug|Any CPU
		{3FCF6B82-C22C-4178-B16D-368B9531FFDB}.Release|Any CPU.ActiveCfg = Release|Any CPU
		{3FCF6B82-C22C-4178-B16D-368B9531FFDB}.Release|Any CPU.Build.0 = Release|Any CPU
	EndGlobalSection
	GlobalSection(SolutionProperties) = preSolution
		HideSolutionNode = FALSE
	EndGlobalSection
EndGlobal
